# This file is automatically @generated by Cargo.
# It is not intended for manual editing.
version = 4

[[package]]
name = "adapter"
version = "0.1.0"
dependencies = [
 "audit-codec",
 "model",
]

[[package]]
name = "audit-bridge"
version = "0.1.0"
source = "registry+https://github.com/rust-lang/crates.io-index"
checksum = "4084bf9e64f532afa4bb367022b00636496573eaf99a2b7e655e9db8c8fee928"

[[package]]
name = "audit-codec"
version = "0.1.0"
source = "registry+https://github.com/rust-lang/crates.io-index"
checksum = "6dada05292eeccfc4d02ab1a51651def604c16159aff37116cbdf4f146d12517"

[[package]]
name = "audit-core"
version = "0.1.0"
source = "registry+https://github.com/rust-lang/crates.io-index"
checksum = "b56cb6e8be896de0cc681f1a7b9dd389674d11602a90460c59dafda2a7ab247d"

[[package]]
name = "audit-format"
version = "0.1.0"
source = "registry+https://github.com/rust-lang/crates.io-index"
checksum = "a23b82fb025fc59af061a5ab618cf6c16f2359103083ddad45fe6e8d74a4fe09"

[[package]]
name = "audit-metrics"
version = "0.1.0"
source = "registry+https://github.com/rust-lang/crates.io-index"
checksum = "4edff9728d9795464c6883312ad08af4040f787f22bff7c9d8c3464bb8377842"

[[package]]
name = "audit-proto"
version = "0.1.0"
source = "registry+https://github.com/rust-lang/crates.io-index"
checksum = "4a7ac5e151a2845b4e7fbb9abbcdba5239124d53205cd6f1806ea4f6c0e2a7d8"

[[package]]
name = "audit-schema"
version = "0.1.0"
source = "registry+https://github.com/rust-lang/crates.io-index"
checksum = "cd226800fdfcd223aab1569499669b44fa0e6a5c9f6d8e1ffe39b46a2f0f5007"

[[package]]
name = "audit-trace"
version = "0.1.0"
source = "registry+https://github.com/rust-lang/crates.io-index"
checksum = "2ab7da364f6731b8d009b0ee8dd87f3f0ce1341eeeae11c9acb0827cc76bb5ce"

[[package]]
name = "audit-util"
version = "0.1.0"
source = "registry+https://github.com/rust-lang/crates.io-index"
checksum = "ce11f93410330c05e4872e0b6e120d2d6be9154591095df95d943ac3d7474091"

[[package]]
name = "build-helper"
version = "0.1.0"
dependencies = [
 "audit-util",
]

[[package]]
name = "cli"
version = "0.1.0"
dependencies = [
 "adapter",
 "audit-bridge",
 "audit-format",
 "audit-proto",
 "build-helper",
]

[[package]]
name = "model"
version = "0.1.0"
dependencies = [
 "audit-core",
 "audit-schema",
]

[[package]]
name = "utility"
version = "0.1.0"
dependencies = [
 "audit-metrics",
 "audit-trace",
]
