# This file is automatically @generated by Cargo.
version = 4

[[package]]
name = "nugetfix-cli"
version = "0.12.0"
dependencies = [
 "nugetfix-core",
]

[[package]]
name = "nugetfix-core"
version = "0.12.0"
dependencies = [
 "nugetfix-graph",
]

[[package]]
name = "nugetfix-graph"
version = "0.12.0"
