# uv pip compile --generate-hashes (broken starter)
ledger-core==1.2.0 \
    --hash=sha256:WRONGCOREWRONGCOREWRONGCOREWRONGCOREWRONGCOREWRONGCOREWRONGCO
ledger-utils==1.2.0 \
    --hash=sha256:WRONGUTILSWRONGUTILSWRONGUTILSWRONGUTILSWRONGUTILSWRONGUTI
ledger-gateway==1.2.0 \
    --hash=sha256:WRONGGATEWRONGGATEWRONGGATEWRONGGATEWRONGGATEWRONGGATEWRON
ledger-metrics==1.2.0 \
    --hash=sha256:WRONGMETWRONGMETWRONGMETWRONGMETWRONGMETWRONGMETWRONGMETWR
# platform=py3-none-any
